// !$*UTF8*$!
{
	archiveVersion = 1;
	classes = {
	};
	objectVersion = 52;
	objects = {

/* Begin PBXBuildFile section */
		523972202519B25F004D2A96 /* UITableView+Ext.swift in Sources */ = {isa = PBXBuildFile; fileRef = 5239721F2519B25F004D2A96 /* UITableView+Ext.swift */; };
		523972232519E792004D2A96 /* UIBarButtonItem+Ext.swift in Sources */ = {isa = PBXBuildFile; fileRef = 523972222519E792004D2A96 /* UIBarButtonItem+Ext.swift */; };
		523972252519EB59004D2A96 /* UIApplication+Ext.swift in Sources */ = {isa = PBXBuildFile; fileRef = 523972242519EB59004D2A96 /* UIApplication+Ext.swift */; };
		523972272519F859004D2A96 /* ToDoListVC.swift in Sources */ = {isa = PBXBuildFile; fileRef = 523972262519F859004D2A96 /* ToDoListVC.swift */; };
		523972292519F8A6004D2A96 /* UserListVC.swift in Sources */ = {isa = PBXBuildFile; fileRef = 523972282519F8A6004D2A96 /* UserListVC.swift */; };
		5239722B2519FF88004D2A96 /* AddUserVC.swift in Sources */ = {isa = PBXBuildFile; fileRef = 5239722A2519FF88004D2A96 /* AddUserVC.swift */; };
		5239722D251A01FF004D2A96 /* userTVCell.swift in Sources */ = {isa = PBXBuildFile; fileRef = 5239722C251A01FF004D2A96 /* userTVCell.swift */; };
		5239722F251A0468004D2A96 /* User.swift in Sources */ = {isa = PBXBuildFile; fileRef = 5239722E251A0468004D2A96 /* User.swift */; };
		5239724A251A0DA7004D2A96 /* IQTextView.swift in Sources */ = {isa = PBXBuildFile; fileRef = 52397234251A0DA7004D2A96 /* IQTextView.swift */; };
		5239724B251A0DA7004D2A96 /* IQPreviousNextView.swift in Sources */ = {isa = PBXBuildFile; fileRef = 52397236251A0DA7004D2A96 /* IQPreviousNextView.swift */; };
		5239724C251A0DA7004D2A96 /* IQTitleBarButtonItem.swift in Sources */ = {isa = PBXBuildFile; fileRef = 52397237251A0DA7004D2A96 /* IQTitleBarButtonItem.swift */; };
		5239724D251A0DA7004D2A96 /* IQBarButtonItem.swift in Sources */ = {isa = PBXBuildFile; fileRef = 52397238251A0DA7004D2A96 /* IQBarButtonItem.swift */; };
		5239724E251A0DA7004D2A96 /* IQToolbar.swift in Sources */ = {isa = PBXBuildFile; fileRef = 52397239251A0DA7004D2A96 /* IQToolbar.swift */; };
		5239724F251A0DA7004D2A96 /* IQUIView+IQKeyboardToolbar.swift in Sources */ = {isa = PBXBuildFile; fileRef = 5239723A251A0DA7004D2A96 /* IQUIView+IQKeyboardToolbar.swift */; };
		52397250251A0DA7004D2A96 /* IQInvocation.swift in Sources */ = {isa = PBXBuildFile; fileRef = 5239723B251A0DA7004D2A96 /* IQInvocation.swift */; };
		52397251251A0DA7004D2A96 /* IQKeyboardManagerConstantsInternal.swift in Sources */ = {isa = PBXBuildFile; fileRef = 5239723D251A0DA7004D2A96 /* IQKeyboardManagerConstantsInternal.swift */; };
		52397252251A0DA7004D2A96 /* IQKeyboardManagerConstants.swift in Sources */ = {isa = PBXBuildFile; fileRef = 5239723E251A0DA7004D2A96 /* IQKeyboardManagerConstants.swift */; };
		52397253251A0DA7004D2A96 /* IQKeyboardManagerSwift.xcassets in Resources */ = {isa = PBXBuildFile; fileRef = 52397240251A0DA7004D2A96 /* IQKeyboardManagerSwift.xcassets */; };
		52397254251A0DA7004D2A96 /* IQKeyboardReturnKeyHandler.swift in Sources */ = {isa = PBXBuildFile; fileRef = 52397241251A0DA7004D2A96 /* IQKeyboardReturnKeyHandler.swift */; };
		52397255251A0DA7004D2A96 /* IQKeyboardManager.swift in Sources */ = {isa = PBXBuildFile; fileRef = 52397242251A0DA7004D2A96 /* IQKeyboardManager.swift */; };
		52397256251A0DA7004D2A96 /* IQUIScrollView+Additions.swift in Sources */ = {isa = PBXBuildFile; fileRef = 52397245251A0DA7004D2A96 /* IQUIScrollView+Additions.swift */; };
		52397257251A0DA7004D2A96 /* IQUIViewController+Additions.swift in Sources */ = {isa = PBXBuildFile; fileRef = 52397246251A0DA7004D2A96 /* IQUIViewController+Additions.swift */; };
		52397258251A0DA7004D2A96 /* IQUITextFieldView+Additions.swift in Sources */ = {isa = PBXBuildFile; fileRef = 52397247251A0DA7004D2A96 /* IQUITextFieldView+Additions.swift */; };
		52397259251A0DA7004D2A96 /* IQUIView+Hierarchy.swift in Sources */ = {isa = PBXBuildFile; fileRef = 52397248251A0DA7004D2A96 /* IQUIView+Hierarchy.swift */; };
		5239725A251A0DA7004D2A96 /* IQNSArray+Sort.swift in Sources */ = {isa = PBXBuildFile; fileRef = 52397249251A0DA7004D2A96 /* IQNSArray+Sort.swift */; };
		5239725C251A1038004D2A96 /* UITextField+Ext.swift in Sources */ = {isa = PBXBuildFile; fileRef = 5239725B251A1038004D2A96 /* UITextField+Ext.swift */; };
		5239725E251A1883004D2A96 /* String+Ext.swift in Sources */ = {isa = PBXBuildFile; fileRef = 5239725D251A1883004D2A96 /* String+Ext.swift */; };
		528E9BD12679B6EE006B0EDB /* Date+Ext.swift in Sources */ = {isa = PBXBuildFile; fileRef = 528E9BD02679B6EE006B0EDB /* Date+Ext.swift */; };
		528E9BD42679DEE0006B0EDB /* Realm in Frameworks */ = {isa = PBXBuildFile; productRef = 528E9BD32679DEE0006B0EDB /* Realm */; };
		528E9BD62679DEE0006B0EDB /* RealmSwift in Frameworks */ = {isa = PBXBuildFile; productRef = 528E9BD52679DEE0006B0EDB /* RealmSwift */; };
		52D206592518EE7000E26178 /* AppDelegate.swift in Sources */ = {isa = PBXBuildFile; fileRef = 52D206582518EE7000E26178 /* AppDelegate.swift */; };
		52D2065B2518EE7000E26178 /* SceneDelegate.swift in Sources */ = {isa = PBXBuildFile; fileRef = 52D2065A2518EE7000E26178 /* SceneDelegate.swift */; };
		52D206602518EE7000E26178 /* Main.storyboard in Resources */ = {isa = PBXBuildFile; fileRef = 52D2065E2518EE7000E26178 /* Main.storyboard */; };
		52D206632518EE7000E26178 /* Realmo.xcdatamodeld in Sources */ = {isa = PBXBuildFile; fileRef = 52D206612518EE7000E26178 /* Realmo.xcdatamodeld */; };
		52D206652518EE7100E26178 /* Assets.xcassets in Resources */ = {isa = PBXBuildFile; fileRef = 52D206642518EE7100E26178 /* Assets.xcassets */; };
		52D206682518EE7100E26178 /* LaunchScreen.storyboard in Resources */ = {isa = PBXBuildFile; fileRef = 52D206662518EE7100E26178 /* LaunchScreen.storyboard */; };
		52D2068D2518F3A000E26178 /* todoTVCell.swift in Sources */ = {isa = PBXBuildFile; fileRef = 52D2068C2518F3A000E26178 /* todoTVCell.swift */; };
		52D206912518F44700E26178 /* ToDo.swift in Sources */ = {isa = PBXBuildFile; fileRef = 52D206902518F44700E26178 /* ToDo.swift */; };
		52D206942518F54600E26178 /* RealmService.swift in Sources */ = {isa = PBXBuildFile; fileRef = 52D206932518F54600E26178 /* RealmService.swift */; };
		52D206962518F76400E26178 /* AlertService.swift in Sources */ = {isa = PBXBuildFile; fileRef = 52D206952518F76400E26178 /* AlertService.swift */; };
		52E5A9BA251B3EA000C0F615 /* UIViewX.swift in Sources */ = {isa = PBXBuildFile; fileRef = 52E5A9B9251B3EA000C0F615 /* UIViewX.swift */; };
		52F3A95A251B68220036C162 /* UIView+Ext.swift in Sources */ = {isa = PBXBuildFile; fileRef = 52F3A959251B68220036C162 /* UIView+Ext.swift */; };
/* End PBXBuildFile section */

/* Begin PBXFileReference section */
		5239721F2519B25F004D2A96 /* UITableView+Ext.swift */ = {isa = PBXFileReference; fileEncoding = 4; lastKnownFileType = sourcecode.swift; path = "UITableView+Ext.swift"; sourceTree = "<group>"; };
		523972222519E792004D2A96 /* UIBarButtonItem+Ext.swift */ = {isa = PBXFileReference; lastKnownFileType = sourcecode.swift; path = "UIBarButtonItem+Ext.swift"; sourceTree = "<group>"; };
		523972242519EB59004D2A96 /* UIApplication+Ext.swift */ = {isa = PBXFileReference; lastKnownFileType = sourcecode.swift; path = "UIApplication+Ext.swift"; sourceTree = "<group>"; };
		523972262519F859004D2A96 /* ToDoListVC.swift */ = {isa = PBXFileReference; lastKnownFileType = sourcecode.swift; path = ToDoListVC.swift; sourceTree = "<group>"; };
		523972282519F8A6004D2A96 /* UserListVC.swift */ = {isa = PBXFileReference; lastKnownFileType = sourcecode.swift; path = UserListVC.swift; sourceTree = "<group>"; };
		5239722A2519FF88004D2A96 /* AddUserVC.swift */ = {isa = PBXFileReference; lastKnownFileType = sourcecode.swift; path = AddUserVC.swift; sourceTree = "<group>"; };
		5239722C251A01FF004D2A96 /* userTVCell.swift */ = {isa = PBXFileReference; lastKnownFileType = sourcecode.swift; path = userTVCell.swift; sourceTree = "<group>"; };
		5239722E251A0468004D2A96 /* User.swift */ = {isa = PBXFileReference; lastKnownFileType = sourcecode.swift; path = User.swift; sourceTree = "<group>"; };
		52397234251A0DA7004D2A96 /* IQTextView.swift */ = {isa = PBXFileReference; fileEncoding = 4; lastKnownFileType = sourcecode.swift; path = IQTextView.swift; sourceTree = "<group>"; };
		52397236251A0DA7004D2A96 /* IQPreviousNextView.swift */ = {isa = PBXFileReference; fileEncoding = 4; lastKnownFileType = sourcecode.swift; path = IQPreviousNextView.swift; sourceTree = "<group>"; };
		52397237251A0DA7004D2A96 /* IQTitleBarButtonItem.swift */ = {isa = PBXFileReference; fileEncoding = 4; lastKnownFileType = sourcecode.swift; path = IQTitleBarButtonItem.swift; sourceTree = "<group>"; };
		52397238251A0DA7004D2A96 /* IQBarButtonItem.swift */ = {isa = PBXFileReference; fileEncoding = 4; lastKnownFileType = sourcecode.swift; path = IQBarButtonItem.swift; sourceTree = "<group>"; };
		52397239251A0DA7004D2A96 /* IQToolbar.swift */ = {isa = PBXFileReference; fileEncoding = 4; lastKnownFileType = sourcecode.swift; path = IQToolbar.swift; sourceTree = "<group>"; };
		5239723A251A0DA7004D2A96 /* IQUIView+IQKeyboardToolbar.swift */ = {isa = PBXFileReference; fileEncoding = 4; lastKnownFileType = sourcecode.swift; path = "IQUIView+IQKeyboardToolbar.swift"; sourceTree = "<group>"; };
		5239723B251A0DA7004D2A96 /* IQInvocation.swift */ = {isa = PBXFileReference; fileEncoding = 4; lastKnownFileType = sourcecode.swift; path = IQInvocation.swift; sourceTree = "<group>"; };
		5239723D251A0DA7004D2A96 /* IQKeyboardManagerConstantsInternal.swift */ = {isa = PBXFileReference; fileEncoding = 4; lastKnownFileType = sourcecode.swift; path = IQKeyboardManagerConstantsInternal.swift; sourceTree = "<group>"; };
		5239723E251A0DA7004D2A96 /* IQKeyboardManagerConstants.swift */ = {isa = PBXFileReference; fileEncoding = 4; lastKnownFileType = sourcecode.swift; path = IQKeyboardManagerConstants.swift; sourceTree = "<group>"; };
		52397240251A0DA7004D2A96 /* IQKeyboardManagerSwift.xcassets */ = {isa = PBXFileReference; lastKnownFileType = folder.assetcatalog; path = IQKeyboardManagerSwift.xcassets; sourceTree = "<group>"; };
		52397241251A0DA7004D2A96 /* IQKeyboardReturnKeyHandler.swift */ = {isa = PBXFileReference; fileEncoding = 4; lastKnownFileType = sourcecode.swift; path = IQKeyboardReturnKeyHandler.swift; sourceTree = "<group>"; };
		52397242251A0DA7004D2A96 /* IQKeyboardManager.swift */ = {isa = PBXFileReference; fileEncoding = 4; lastKnownFileType = sourcecode.swift; path = IQKeyboardManager.swift; sourceTree = "<group>"; };
		52397243251A0DA7004D2A96 /* IQKeyboardManagerSwift.h */ = {isa = PBXFileReference; fileEncoding = 4; lastKnownFileType = sourcecode.c.h; path = IQKeyboardManagerSwift.h; sourceTree = "<group>"; };
		52397245251A0DA7004D2A96 /* IQUIScrollView+Additions.swift */ = {isa = PBXFileReference; fileEncoding = 4; lastKnownFileType = sourcecode.swift; path = "IQUIScrollView+Additions.swift"; sourceTree = "<group>"; };
		52397246251A0DA7004D2A96 /* IQUIViewController+Additions.swift */ = {isa = PBXFileReference; fileEncoding = 4; lastKnownFileType = sourcecode.swift; path = "IQUIViewController+Additions.swift"; sourceTree = "<group>"; };
		52397247251A0DA7004D2A96 /* IQUITextFieldView+Additions.swift */ = {isa = PBXFileReference; fileEncoding = 4; lastKnownFileType = sourcecode.swift; path = "IQUITextFieldView+Additions.swift"; sourceTree = "<group>"; };
		52397248251A0DA7004D2A96 /* IQUIView+Hierarchy.swift */ = {isa = PBXFileReference; fileEncoding = 4; lastKnownFileType = sourcecode.swift; path = "IQUIView+Hierarchy.swift"; sourceTree = "<group>"; };
		52397249251A0DA7004D2A96 /* IQNSArray+Sort.swift */ = {isa = PBXFileReference; fileEncoding = 4; lastKnownFileType = sourcecode.swift; path = "IQNSArray+Sort.swift"; sourceTree = "<group>"; };
		5239725B251A1038004D2A96 /* UITextField+Ext.swift */ = {isa = PBXFileReference; lastKnownFileType = sourcecode.swift; path = "UITextField+Ext.swift"; sourceTree = "<group>"; };
		5239725D251A1883004D2A96 /* String+Ext.swift */ = {isa = PBXFileReference; fileEncoding = 4; lastKnownFileType = sourcecode.swift; path = "String+Ext.swift"; sourceTree = "<group>"; };
		528E9BD02679B6EE006B0EDB /* Date+Ext.swift */ = {isa = PBXFileReference; lastKnownFileType = sourcecode.swift; path = "Date+Ext.swift"; sourceTree = "<group>"; };
		52D206552518EE7000E26178 /* Realmo.app */ = {isa = PBXFileReference; explicitFileType = wrapper.application; includeInIndex = 0; path = Realmo.app; sourceTree = BUILT_PRODUCTS_DIR; };
		52D206582518EE7000E26178 /* AppDelegate.swift */ = {isa = PBXFileReference; lastKnownFileType = sourcecode.swift; path = AppDelegate.swift; sourceTree = "<group>"; };
		52D2065A2518EE7000E26178 /* SceneDelegate.swift */ = {isa = PBXFileReference; lastKnownFileType = sourcecode.swift; path = SceneDelegate.swift; sourceTree = "<group>"; };
		52D2065F2518EE7000E26178 /* Base */ = {isa = PBXFileReference; lastKnownFileType = file.storyboard; name = Base; path = Base.lproj/Main.storyboard; sourceTree = "<group>"; };
		52D206622518EE7000E26178 /* RealmDemo.xcdatamodel */ = {isa = PBXFileReference; lastKnownFileType = wrapper.xcdatamodel; path = RealmDemo.xcdatamodel; sourceTree = "<group>"; };
		52D206642518EE7100E26178 /* Assets.xcassets */ = {isa = PBXFileReference; lastKnownFileType = folder.assetcatalog; path = Assets.xcassets; sourceTree = "<group>"; };
		52D206672518EE7100E26178 /* Base */ = {isa = PBXFileReference; lastKnownFileType = file.storyboard; name = Base; path = Base.lproj/LaunchScreen.storyboard; sourceTree = "<group>"; };
		52D206692518EE7100E26178 /* Info.plist */ = {isa = PBXFileReference; lastKnownFileType = text.plist.xml; path = Info.plist; sourceTree = "<group>"; };
		52D2068C2518F3A000E26178 /* todoTVCell.swift */ = {isa = PBXFileReference; lastKnownFileType = sourcecode.swift; path = todoTVCell.swift; sourceTree = "<group>"; };
		52D206902518F44700E26178 /* ToDo.swift */ = {isa = PBXFileReference; lastKnownFileType = sourcecode.swift; path = ToDo.swift; sourceTree = "<group>"; };
		52D206932518F54600E26178 /* RealmService.swift */ = {isa = PBXFileReference; lastKnownFileType = sourcecode.swift; path = RealmService.swift; sourceTree = "<group>"; };
		52D206952518F76400E26178 /* AlertService.swift */ = {isa = PBXFileReference; lastKnownFileType = sourcecode.swift; path = AlertService.swift; sourceTree = "<group>"; };
		52E5A9B9251B3EA000C0F615 /* UIViewX.swift */ = {isa = PBXFileReference; fileEncoding = 4; lastKnownFileType = sourcecode.swift; path = UIViewX.swift; sourceTree = "<group>"; };
		52F3A959251B68220036C162 /* UIView+Ext.swift */ = {isa = PBXFileReference; lastKnownFileType = sourcecode.swift; path = "UIView+Ext.swift"; sourceTree = "<group>"; };
/* End PBXFileReference section */

/* Begin PBXFrameworksBuildPhase section */
		52D206522518EE7000E26178 /* Frameworks */ = {
			isa = PBXFrameworksBuildPhase;
			buildActionMask = 2147483647;
			files = (
				528E9BD62679DEE0006B0EDB /* RealmSwift in Frameworks */,
				528E9BD42679DEE0006B0EDB /* Realm in Frameworks */,
			);
			runOnlyForDeploymentPostprocessing = 0;
		};
/* End PBXFrameworksBuildPhase section */

/* Begin PBXGroup section */
		523972212519B267004D2A96 /* Extensions */ = {
			isa = PBXGroup;
			children = (
				5239725D251A1883004D2A96 /* String+Ext.swift */,
				523972242519EB59004D2A96 /* UIApplication+Ext.swift */,
				523972222519E792004D2A96 /* UIBarButtonItem+Ext.swift */,
				5239721F2519B25F004D2A96 /* UITableView+Ext.swift */,
				5239725B251A1038004D2A96 /* UITextField+Ext.swift */,
				52F3A959251B68220036C162 /* UIView+Ext.swift */,
				528E9BD02679B6EE006B0EDB /* Date+Ext.swift */,
			);
			path = Extensions;
			sourceTree = "<group>";
		};
		52397230251A0D4F004D2A96 /* Support */ = {
			isa = PBXGroup;
			children = (
				523972212519B267004D2A96 /* Extensions */,
				52397231251A0D96004D2A96 /* ThirdParties */,
			);
			path = Support;
			sourceTree = "<group>";
		};
		52397231251A0D96004D2A96 /* ThirdParties */ = {
			isa = PBXGroup;
			children = (
				52E5A9B9251B3EA000C0F615 /* UIViewX.swift */,
				52397232251A0DA7004D2A96 /* IQKeyboardManagerSwift */,
			);
			path = ThirdParties;
			sourceTree = "<group>";
		};
		52397232251A0DA7004D2A96 /* IQKeyboardManagerSwift */ = {
			isa = PBXGroup;
			children = (
				52397233251A0DA7004D2A96 /* IQTextView */,
				52397235251A0DA7004D2A96 /* IQToolbar */,
				5239723C251A0DA7004D2A96 /* Constants */,
				5239723F251A0DA7004D2A96 /* Resources */,
				52397241251A0DA7004D2A96 /* IQKeyboardReturnKeyHandler.swift */,
				52397242251A0DA7004D2A96 /* IQKeyboardManager.swift */,
				52397243251A0DA7004D2A96 /* IQKeyboardManagerSwift.h */,
				52397244251A0DA7004D2A96 /* Categories */,
			);
			path = IQKeyboardManagerSwift;
			sourceTree = "<group>";
		};
		52397233251A0DA7004D2A96 /* IQTextView */ = {
			isa = PBXGroup;
			children = (
				52397234251A0DA7004D2A96 /* IQTextView.swift */,
			);
			path = IQTextView;
			sourceTree = "<group>";
		};
		52397235251A0DA7004D2A96 /* IQToolbar */ = {
			isa = PBXGroup;
			children = (
				52397236251A0DA7004D2A96 /* IQPreviousNextView.swift */,
				52397237251A0DA7004D2A96 /* IQTitleBarButtonItem.swift */,
				52397238251A0DA7004D2A96 /* IQBarButtonItem.swift */,
				52397239251A0DA7004D2A96 /* IQToolbar.swift */,
				5239723A251A0DA7004D2A96 /* IQUIView+IQKeyboardToolbar.swift */,
				5239723B251A0DA7004D2A96 /* IQInvocation.swift */,
			);
			path = IQToolbar;
			sourceTree = "<group>";
		};
		5239723C251A0DA7004D2A96 /* Constants */ = {
			isa = PBXGroup;
			children = (
				5239723D251A0DA7004D2A96 /* IQKeyboardManagerConstantsInternal.swift */,
				5239723E251A0DA7004D2A96 /* IQKeyboardManagerConstants.swift */,
			);
			path = Constants;
			sourceTree = "<group>";
		};
		5239723F251A0DA7004D2A96 /* Resources */ = {
			isa = PBXGroup;
			children = (
				52397240251A0DA7004D2A96 /* IQKeyboardManagerSwift.xcassets */,
			);
			path = Resources;
			sourceTree = "<group>";
		};
		52397244251A0DA7004D2A96 /* Categories */ = {
			isa = PBXGroup;
			children = (
				52397245251A0DA7004D2A96 /* IQUIScrollView+Additions.swift */,
				52397246251A0DA7004D2A96 /* IQUIViewController+Additions.swift */,
				52397247251A0DA7004D2A96 /* IQUITextFieldView+Additions.swift */,
				52397248251A0DA7004D2A96 /* IQUIView+Hierarchy.swift */,
				52397249251A0DA7004D2A96 /* IQNSArray+Sort.swift */,
			);
			path = Categories;
			sourceTree = "<group>";
		};
		52D2064C2518EE7000E26178 = {
			isa = PBXGroup;
			children = (
				52D206572518EE7000E26178 /* Realmo */,
				52D206562518EE7000E26178 /* Products */,
			);
			sourceTree = "<group>";
		};
		52D206562518EE7000E26178 /* Products */ = {
			isa = PBXGroup;
			children = (
				52D206552518EE7000E26178 /* Realmo.app */,
			);
			name = Products;
			sourceTree = "<group>";
		};
		52D206572518EE7000E26178 /* Realmo */ = {
			isa = PBXGroup;
			children = (
				52D2068B2518F38A00E26178 /* Cells */,
				52D2068F2518F43300E26178 /* Models */,
				52D206922518F52900E26178 /* Services */,
				52D2068E2518F42500E26178 /* ViewControllers */,
				52397230251A0D4F004D2A96 /* Support */,
				52D206582518EE7000E26178 /* AppDelegate.swift */,
				52D2065A2518EE7000E26178 /* SceneDelegate.swift */,
				52D206692518EE7100E26178 /* Info.plist */,
				52D206642518EE7100E26178 /* Assets.xcassets */,
				52D206662518EE7100E26178 /* LaunchScreen.storyboard */,
				52D2065E2518EE7000E26178 /* Main.storyboard */,
				52D206612518EE7000E26178 /* Realmo.xcdatamodeld */,
			);
			path = Realmo;
			sourceTree = "<group>";
		};
		52D2068B2518F38A00E26178 /* Cells */ = {
			isa = PBXGroup;
			children = (
				52D2068C2518F3A000E26178 /* todoTVCell.swift */,
				5239722C251A01FF004D2A96 /* userTVCell.swift */,
			);
			path = Cells;
			sourceTree = "<group>";
		};
		52D2068E2518F42500E26178 /* ViewControllers */ = {
			isa = PBXGroup;
			children = (
				523972262519F859004D2A96 /* ToDoListVC.swift */,
				523972282519F8A6004D2A96 /* UserListVC.swift */,
				5239722A2519FF88004D2A96 /* AddUserVC.swift */,
			);
			path = ViewControllers;
			sourceTree = "<group>";
		};
		52D2068F2518F43300E26178 /* Models */ = {
			isa = PBXGroup;
			children = (
				52D206902518F44700E26178 /* ToDo.swift */,
				5239722E251A0468004D2A96 /* User.swift */,
			);
			path = Models;
			sourceTree = "<group>";
		};
		52D206922518F52900E26178 /* Services */ = {
			isa = PBXGroup;
			children = (
				52D206932518F54600E26178 /* RealmService.swift */,
				52D206952518F76400E26178 /* AlertService.swift */,
			);
			path = Services;
			sourceTree = "<group>";
		};
/* End PBXGroup section */

/* Begin PBXNativeTarget section */
		52D206542518EE7000E26178 /* Realmo */ = {
			isa = PBXNativeTarget;
			buildConfigurationList = 52D206822518EE7200E26178 /* Build configuration list for PBXNativeTarget "Realmo" */;
			buildPhases = (
				52D206512518EE7000E26178 /* Sources */,
				52D206522518EE7000E26178 /* Frameworks */,
				52D206532518EE7000E26178 /* Resources */,
			);
			buildRules = (
			);
			dependencies = (
			);
			name = Realmo;
			packageProductDependencies = (
				528E9BD32679DEE0006B0EDB /* Realm */,
				528E9BD52679DEE0006B0EDB /* RealmSwift */,
			);
			productName = RealmDemo;
			productReference = 52D206552518EE7000E26178 /* Realmo.app */;
			productType = "com.apple.product-type.application";
		};
/* End PBXNativeTarget section */

/* Begin PBXProject section */
		52D2064D2518EE7000E26178 /* Project object */ = {
			isa = PBXProject;
			attributes = {
				LastSwiftUpdateCheck = 1170;
				LastUpgradeCheck = 1170;
				ORGANIZATIONNAME = "Chintan Maisuriya";
				TargetAttributes = {
					52D206542518EE7000E26178 = {
						CreatedOnToolsVersion = 11.7;
					};
				};
			};
			buildConfigurationList = 52D206502518EE7000E26178 /* Build configuration list for PBXProject "Realmo" */;
			compatibilityVersion = "Xcode 9.3";
			developmentRegion = en;
			hasScannedForEncodings = 0;
			knownRegions = (
				en,
				Base,
			);
			mainGroup = 52D2064C2518EE7000E26178;
			packageReferences = (
				528E9BD22679DEE0006B0EDB /* XCRemoteSwiftPackageReference "realm-cocoa" */,
			);
			productRefGroup = 52D206562518EE7000E26178 /* Products */;
			projectDirPath = "";
			projectRoot = "";
			targets = (
				52D206542518EE7000E26178 /* Realmo */,
			);
		};
/* End PBXProject section */

/* Begin PBXResourcesBuildPhase section */
		52D206532518EE7000E26178 /* Resources */ = {
			isa = PBXResourcesBuildPhase;
			buildActionMask = 2147483647;
			files = (
				52D206682518EE7100E26178 /* LaunchScreen.storyboard in Resources */,
				52D206652518EE7100E26178 /* Assets.xcassets in Resources */,
				52397253251A0DA7004D2A96 /* IQKeyboardManagerSwift.xcassets in Resources */,
				52D206602518EE7000E26178 /* Main.storyboard in Resources */,
			);
			runOnlyForDeploymentPostprocessing = 0;
		};
/* End PBXResourcesBuildPhase section */

/* Begin PBXSourcesBuildPhase section */
		52D206512518EE7000E26178 /* Sources */ = {
			isa = PBXSourcesBuildPhase;
			buildActionMask = 2147483647;
			files = (
				5239725A251A0DA7004D2A96 /* IQNSArray+Sort.swift in Sources */,
				5239724F251A0DA7004D2A96 /* IQUIView+IQKeyboardToolbar.swift in Sources */,
				52397250251A0DA7004D2A96 /* IQInvocation.swift in Sources */,
				52D206632518EE7000E26178 /* Realmo.xcdatamodeld in Sources */,
				52D206912518F44700E26178 /* ToDo.swift in Sources */,
				52397255251A0DA7004D2A96 /* IQKeyboardManager.swift in Sources */,
				52397252251A0DA7004D2A96 /* IQKeyboardManagerConstants.swift in Sources */,
				52D206942518F54600E26178 /* RealmService.swift in Sources */,
				52397254251A0DA7004D2A96 /* IQKeyboardReturnKeyHandler.swift in Sources */,
				5239724E251A0DA7004D2A96 /* IQToolbar.swift in Sources */,
				52397251251A0DA7004D2A96 /* IQKeyboardManagerConstantsInternal.swift in Sources */,
				52E5A9BA251B3EA000C0F615 /* UIViewX.swift in Sources */,
				52397257251A0DA7004D2A96 /* IQUIViewController+Additions.swift in Sources */,
				5239724D251A0DA7004D2A96 /* IQBarButtonItem.swift in Sources */,
				523972202519B25F004D2A96 /* UITableView+Ext.swift in Sources */,
				52D206592518EE7000E26178 /* AppDelegate.swift in Sources */,
				5239724A251A0DA7004D2A96 /* IQTextView.swift in Sources */,
				523972272519F859004D2A96 /* ToDoListVC.swift in Sources */,
				5239722D251A01FF004D2A96 /* userTVCell.swift in Sources */,
				52D2068D2518F3A000E26178 /* todoTVCell.swift in Sources */,
				5239725C251A1038004D2A96 /* UITextField+Ext.swift in Sources */,
				52397256251A0DA7004D2A96 /* IQUIScrollView+Additions.swift in Sources */,
				5239725E251A1883004D2A96 /* String+Ext.swift in Sources */,
				5239724C251A0DA7004D2A96 /* IQTitleBarButtonItem.swift in Sources */,
				5239722F251A0468004D2A96 /* User.swift in Sources */,
				52D206962518F76400E26178 /* AlertService.swift in Sources */,
				523972232519E792004D2A96 /* UIBarButtonItem+Ext.swift in Sources */,
				528E9BD12679B6EE006B0EDB /* Date+Ext.swift in Sources */,
				5239722B2519FF88004D2A96 /* AddUserVC.swift in Sources */,
				52D2065B2518EE7000E26178 /* SceneDelegate.swift in Sources */,
				52397258251A0DA7004D2A96 /* IQUITextFieldView+Additions.swift in Sources */,
				523972252519EB59004D2A96 /* UIApplication+Ext.swift in Sources */,
				5239724B251A0DA7004D2A96 /* IQPreviousNextView.swift in Sources */,
				52F3A95A251B68220036C162 /* UIView+Ext.swift in Sources */,
				52397259251A0DA7004D2A96 /* IQUIView+Hierarchy.swift in Sources */,
				523972292519F8A6004D2A96 /* UserListVC.swift in Sources */,
			);
			runOnlyForDeploymentPostprocessing = 0;
		};
/* End PBXSourcesBuildPhase section */

/* Begin PBXVariantGroup section */
		52D2065E2518EE7000E26178 /* Main.storyboard */ = {
			isa = PBXVariantGroup;
			children = (
				52D2065F2518EE7000E26178 /* Base */,
			);
			name = Main.storyboard;
			sourceTree = "<group>";
		};
		52D206662518EE7100E26178 /* LaunchScreen.storyboard */ = {
			isa = PBXVariantGroup;
			children = (
				52D206672518EE7100E26178 /* Base */,
			);
			name = LaunchScreen.storyboard;
			sourceTree = "<group>";
		};
/* End PBXVariantGroup section */

/* Begin XCBuildConfiguration section */
		52D206802518EE7200E26178 /* Debug */ = {
			isa = XCBuildConfiguration;
			buildSettings = {
				ALWAYS_SEARCH_USER_PATHS = NO;
				CLANG_ANALYZER_NONNULL = YES;
				CLANG_ANALYZER_NUMBER_OBJECT_CONVERSION = YES_AGGRESSIVE;
				CLANG_CXX_LANGUAGE_STANDARD = "gnu++14";
				CLANG_CXX_LIBRARY = "libc++";
				CLANG_ENABLE_MODULES = YES;
				CLANG_ENABLE_OBJC_ARC = YES;
				CLANG_ENABLE_OBJC_WEAK = YES;
				CLANG_WARN_BLOCK_CAPTURE_AUTORELEASING = YES;
				CLANG_WARN_BOOL_CONVERSION = YES;
				CLANG_WARN_COMMA = YES;
				CLANG_WARN_CONSTANT_CONVERSION = YES;
				CLANG_WARN_DEPRECATED_OBJC_IMPLEMENTATIONS = YES;
				CLANG_WARN_DIRECT_OBJC_ISA_USAGE = YES_ERROR;
				CLANG_WARN_DOCUMENTATION_COMMENTS = YES;
				CLANG_WARN_EMPTY_BODY = YES;
				CLANG_WARN_ENUM_CONVERSION = YES;
				CLANG_WARN_INFINITE_RECURSION = YES;
				CLANG_WARN_INT_CONVERSION = YES;
				CLANG_WARN_NON_LITERAL_NULL_CONVERSION = YES;
				CLANG_WARN_OBJC_IMPLICIT_RETAIN_SELF = YES;
				CLANG_WARN_OBJC_LITERAL_CONVERSION = YES;
				CLANG_WARN_OBJC_ROOT_CLASS = YES_ERROR;
				CLANG_WARN_RANGE_LOOP_ANALYSIS = YES;
				CLANG_WARN_STRICT_PROTOTYPES = YES;
				CLANG_WARN_SUSPICIOUS_MOVE = YES;
				CLANG_WARN_UNGUARDED_AVAILABILITY = YES_AGGRESSIVE;
				CLANG_WARN_UNREACHABLE_CODE = YES;
				CLANG_WARN__DUPLICATE_METHOD_MATCH = YES;
				COPY_PHASE_STRIP = NO;
				DEBUG_INFORMATION_FORMAT = dwarf;
				ENABLE_STRICT_OBJC_MSGSEND = YES;
				ENABLE_TESTABILITY = YES;
				GCC_C_LANGUAGE_STANDARD = gnu11;
				GCC_DYNAMIC_NO_PIC = NO;
				GCC_NO_COMMON_BLOCKS = YES;
				GCC_OPTIMIZATION_LEVEL = 0;
				GCC_PREPROCESSOR_DEFINITIONS = (
					"DEBUG=1",
					"$(inherited)",
				);
				GCC_WARN_64_TO_32_BIT_CONVERSION = YES;
				GCC_WARN_ABOUT_RETURN_TYPE = YES_ERROR;
				GCC_WARN_UNDECLARED_SELECTOR = YES;
				GCC_WARN_UNINITIALIZED_AUTOS = YES_AGGRESSIVE;
				GCC_WARN_UNUSED_FUNCTION = YES;
				GCC_WARN_UNUSED_VARIABLE = YES;
				IPHONEOS_DEPLOYMENT_TARGET = 13.7;
				MTL_ENABLE_DEBUG_INFO = INCLUDE_SOURCE;
				MTL_FAST_MATH = YES;
				ONLY_ACTIVE_ARCH = YES;
				SDKROOT = iphoneos;
				SWIFT_ACTIVE_COMPILATION_CONDITIONS = DEBUG;
				SWIFT_OPTIMIZATION_LEVEL = "-Onone";
			};
			name = Debug;
		};
		52D206812518EE7200E26178 /* Release */ = {
			isa = XCBuildConfiguration;
			buildSettings = {
				ALWAYS_SEARCH_USER_PATHS = NO;
				CLANG_ANALYZER_NONNULL = YES;
				CLANG_ANALYZER_NUMBER_OBJECT_CONVERSION = YES_AGGRESSIVE;
				CLANG_CXX_LANGUAGE_STANDARD = "gnu++14";
				CLANG_CXX_LIBRARY = "libc++";
				CLANG_ENABLE_MODULES = YES;
				CLANG_ENABLE_OBJC_ARC = YES;
				CLANG_ENABLE_OBJC_WEAK = YES;
				CLANG_WARN_BLOCK_CAPTURE_AUTORELEASING = YES;
				CLANG_WARN_BOOL_CONVERSION = YES;
				CLANG_WARN_COMMA = YES;
				CLANG_WARN_CONSTANT_CONVERSION = YES;
				CLANG_WARN_DEPRECATED_OBJC_IMPLEMENTATIONS = YES;
				CLANG_WARN_DIRECT_OBJC_ISA_USAGE = YES_ERROR;
				CLANG_WARN_DOCUMENTATION_COMMENTS = YES;
				CLANG_WARN_EMPTY_BODY = YES;
				CLANG_WARN_ENUM_CONVERSION = YES;
				CLANG_WARN_INFINITE_RECURSION = YES;
				CLANG_WARN_INT_CONVERSION = YES;
				CLANG_WARN_NON_LITERAL_NULL_CONVERSION = YES;
				CLANG_WARN_OBJC_IMPLICIT_RETAIN_SELF = YES;
				CLANG_WARN_OBJC_LITERAL_CONVERSION = YES;
				CLANG_WARN_OBJC_ROOT_CLASS = YES_ERROR;
				CLANG_WARN_RANGE_LOOP_ANALYSIS = YES;
				CLANG_WARN_STRICT_PROTOTYPES = YES;
				CLANG_WARN_SUSPICIOUS_MOVE = YES;
				CLANG_WARN_UNGUARDED_AVAILABILITY = YES_AGGRESSIVE;
				CLANG_WARN_UNREACHABLE_CODE = YES;
				CLANG_WARN__DUPLICATE_METHOD_MATCH = YES;
				COPY_PHASE_STRIP = NO;
				DEBUG_INFORMATION_FORMAT = "dwarf-with-dsym";
				ENABLE_NS_ASSERTIONS = NO;
				ENABLE_STRICT_OBJC_MSGSEND = YES;
				GCC_C_LANGUAGE_STANDARD = gnu11;
				GCC_NO_COMMON_BLOCKS = YES;
				GCC_WARN_64_TO_32_BIT_CONVERSION = YES;
				GCC_WARN_ABOUT_RETURN_TYPE = YES_ERROR;
				GCC_WARN_UNDECLARED_SELECTOR = YES;
				GCC_WARN_UNINITIALIZED_AUTOS = YES_AGGRESSIVE;
				GCC_WARN_UNUSED_FUNCTION = YES;
				GCC_WARN_UNUSED_VARIABLE = YES;
				IPHONEOS_DEPLOYMENT_TARGET = 13.7;
				MTL_ENABLE_DEBUG_INFO = NO;
				MTL_FAST_MATH = YES;
				SDKROOT = iphoneos;
				SWIFT_COMPILATION_MODE = wholemodule;
				SWIFT_OPTIMIZATION_LEVEL = "-O";
				VALIDATE_PRODUCT = YES;
			};
			name = Release;
		};
		52D206832518EE7200E26178 /* Debug */ = {
			isa = XCBuildConfiguration;
			buildSettings = {
				ASSETCATALOG_COMPILER_APPICON_NAME = AppIcon;
				CODE_SIGN_STYLE = Automatic;
				INFOPLIST_FILE = "$(SRCROOT)/Realmo/Info.plist";
				LD_RUNPATH_SEARCH_PATHS = (
					"$(inherited)",
					"@executable_path/Frameworks",
				);
				PRODUCT_BUNDLE_IDENTIFIER = com.csm.Realmo;
				PRODUCT_NAME = "$(TARGET_NAME)";
				SWIFT_VERSION = 5.0;
				TARGETED_DEVICE_FAMILY = 1;
			};
			name = Debug;
		};
		52D206842518EE7200E26178 /* Release */ = {
			isa = XCBuildConfiguration;
			buildSettings = {
				ASSETCATALOG_COMPILER_APPICON_NAME = AppIcon;
				CODE_SIGN_STYLE = Automatic;
				INFOPLIST_FILE = "$(SRCROOT)/Realmo/Info.plist";
				LD_RUNPATH_SEARCH_PATHS = (
					"$(inherited)",
					"@executable_path/Frameworks",
				);
				PRODUCT_BUNDLE_IDENTIFIER = com.csm.Realmo;
				PRODUCT_NAME = "$(TARGET_NAME)";
				SWIFT_VERSION = 5.0;
				TARGETED_DEVICE_FAMILY = 1;
			};
			name = Release;
		};
/* End XCBuildConfiguration section */

/* Begin XCConfigurationList section */
		52D206502518EE7000E26178 /* Build configuration list for PBXProject "Realmo" */ = {
			isa = XCConfigurationList;
			buildConfigurations = (
				52D206802518EE7200E26178 /* Debug */,
				52D206812518EE7200E26178 /* Release */,
			);
			defaultConfigurationIsVisible = 0;
			defaultConfigurationName = Release;
		};
		52D206822518EE7200E26178 /* Build configuration list for PBXNativeTarget "Realmo" */ = {
			isa = XCConfigurationList;
			buildConfigurations = (
				52D206832518EE7200E26178 /* Debug */,
				52D206842518EE7200E26178 /* Release */,
			);
			defaultConfigurationIsVisible = 0;
			defaultConfigurationName = Release;
		};
/* End XCConfigurationList section */

/* Begin XCRemoteSwiftPackageReference section */
		528E9BD22679DEE0006B0EDB /* XCRemoteSwiftPackageReference "realm-cocoa" */ = {
			isa = XCRemoteSwiftPackageReference;
			repositoryURL = "https://github.com/realm/realm-cocoa.git";
			requirement = {
				kind = upToNextMajorVersion;
				minimumVersion = 10.8.0;
			};
		};
/* End XCRemoteSwiftPackageReference section */

/* Begin XCSwiftPackageProductDependency section */
		528E9BD32679DEE0006B0EDB /* Realm */ = {
			isa = XCSwiftPackageProductDependency;
			package = 528E9BD22679DEE0006B0EDB /* XCRemoteSwiftPackageReference "realm-cocoa" */;
			productName = Realm;
		};
		528E9BD52679DEE0006B0EDB /* RealmSwift */ = {
			isa = XCSwiftPackageProductDependency;
			package = 528E9BD22679DEE0006B0EDB /* XCRemoteSwiftPackageReference "realm-cocoa" */;
			productName = RealmSwift;
		};
/* End XCSwiftPackageProductDependency section */

/* Begin XCVersionGroup section */
		52D206612518EE7000E26178 /* Realmo.xcdatamodeld */ = {
			isa = XCVersionGroup;
			children = (
				52D206622518EE7000E26178 /* RealmDemo.xcdatamodel */,
			);
			currentVersion = 52D206622518EE7000E26178 /* RealmDemo.xcdatamodel */;
			path = Realmo.xcdatamodeld;
			sourceTree = "<group>";
			versionGroupType = wrapper.xcdatamodel;
		};
/* End XCVersionGroup section */
	};
	rootObject = 52D2064D2518EE7000E26178 /* Project object */;
}
